
Microsoft Visual Studio Solution File, Format Version 12.00
Project("{FAE04EC0-301F-11D3-BF4B-00C04F79EFBC}") = "SerialPortSensorSimulation", "SerialPortSensorSimulation\SerialPortSensorSimulation.csproj", "{34105D6C-9224-40D9-973F-D175F8F47B64}"
EndProject
Global
	GlobalSection(SolutionConfigurationPlatforms) = preSolution
		Debug|Any CPU = Debug|Any CPU
		Release|Any CPU = Release|Any CPU
	EndGlobalSection
	GlobalSection(ProjectConfigurationPlatforms) = postSolution
		{34105D6C-9224-40D9-973F-D175F8F47B64}.Debug|Any CPU.ActiveCfg = Debug|Any CPU
		{34105D6C-9224-40D9-973F-D175F8F47B64}.Debug|Any CPU.Build.0 = Debug|Any CPU
		{34105D6C-9224-40D9-973F-D175F8F47B64}.Release|Any CPU.ActiveCfg = Release|Any CPU
		{34105D6C-9224-40D9-973F-D175F8F47B64}.Release|Any CPU.Build.0 = Release|Any CPU
	EndGlobalSection
EndGlobal
